
Microsoft Visual Studio Solution File, Format Version 12.00
Project("{F2A71F9B-5D33-465A-A702-920D77279786}") = "Ejercicio 4", "Ejercicio 4\Ejercicio 4.fsproj", "{AECE4CE5-DA9A-45EC-BF08-F0F4A6957385}"
EndProject
Global
	GlobalSection(SolutionConfigurationPlatforms) = preSolution
		Debug|Any CPU = Debug|Any CPU
		Release|Any CPU = Release|Any CPU
	EndGlobalSection
	GlobalSection(ProjectConfigurationPlatforms) = postSolution
		{AECE4CE5-DA9A-45EC-BF08-F0F4A6957385}.Debug|Any CPU.ActiveCfg = Debug|Any CPU
		{AECE4CE5-DA9A-45EC-BF08-F0F4A6957385}.Debug|Any CPU.Build.0 = Debug|Any CPU
		{AECE4CE5-DA9A-45EC-BF08-F0F4A6957385}.Release|Any CPU.ActiveCfg = Release|Any CPU
		{AECE4CE5-DA9A-45EC-BF08-F0F4A6957385}.Release|Any CPU.Build.0 = Release|Any CPU
	EndGlobalSection
EndGlobal
